{
  "nodes": {
    "nixpkgs": {
      "locked": {
        "lastModified": 1699263391,
        "narHash": "sha256-gl4gNUR1GjIfI7aRYUr024nrK3Sxx3W3dRuS4LB56Zg=",
        "owner": "NixOS",
        "repo": "nixpkgs",
        "rev": "cac8c76f21fccba39376504e18c23f7e18fd8419",
        "type": "github"
      },
      "original": {
        "owner": "NixOS",
        "ref": "nixos-unstable-small",
        "repo": "nixpkgs",
        "type": "github"
      }
    },
    "root": {
      "inputs": {
        "nixpkgs": "nixpkgs"
      }
    }
  },
  "root": "root",
  "version": 7
}
